// !$*UTF8*$!
{
	archiveVersion = 1;
	classes = {
	};
	objectVersion = 46;
	objects = {

/* Begin PBXBuildFile section */
		96DEA8A1193078E2005FE2FF /* Foundation.framework in Frameworks */ = {isa = PBXBuildFile; fileRef = 96DEA8A0193078E2005FE2FF /* Foundation.framework */; };
		96DEA8A3193078E2005FE2FF /* CoreGraphics.framework in Frameworks */ = {isa = PBXBuildFile; fileRef = 96DEA8A2193078E2005FE2FF /* CoreGraphics.framework */; };
		96DEA8A5193078E2005FE2FF /* UIKit.framework in Frameworks */ = {isa = PBXBuildFile; fileRef = 96DEA8A4193078E2005FE2FF /* UIKit.framework */; };
		96DEA8AB193078E2005FE2FF /* InfoPlist.strings in Resources */ = {isa = PBXBuildFile; fileRef = 96DEA8A9193078E2005FE2FF /* InfoPlist.strings */; };
		96DEA8AD193078E2005FE2FF /* main.m in Sources */ = {isa = PBXBuildFile; fileRef = 96DEA8AC193078E2005FE2FF /* main.m */; };
		96DEA8B1193078E2005FE2FF /* SITAppDelegate.m in Sources */ = {isa = PBXBuildFile; fileRef = 96DEA8B0193078E2005FE2FF /* SITAppDelegate.m */; };
		96DEA8B4193078E2005FE2FF /* Main.storyboard in Resources */ = {isa = PBXBuildFile; fileRef = 96DEA8B2193078E2005FE2FF /* Main.storyboard */; };
		96DEA8B7193078E2005FE2FF /* SITViewController.m in Sources */ = {isa = PBXBuildFile; fileRef = 96DEA8B6193078E2005FE2FF /* SITViewController.m */; };
		96DEA8B9193078E2005FE2FF /* Images.xcassets in Resources */ = {isa = PBXBuildFile; fileRef = 96DEA8B8193078E2005FE2FF /* Images.xcassets */; };
		96DEA8C0193078E2005FE2FF /* XCTest.framework in Frameworks */ = {isa = PBXBuildFile; fileRef = 96DEA8BF193078E2005FE2FF /* XCTest.framework */; };
		96DEA8C1193078E2005FE2FF /* Foundation.framework in Frameworks */ = {isa = PBXBuildFile; fileRef = 96DEA8A0193078E2005FE2FF /* Foundation.framework */; };
		96DEA8C2193078E2005FE2FF /* UIKit.framework in Frameworks */ = {isa = PBXBuildFile; fileRef = 96DEA8A4193078E2005FE2FF /* UIKit.framework */; };
		96DEA8CA193078E2005FE2FF /* InfoPlist.strings in Resources */ = {isa = PBXBuildFile; fileRef = 96DEA8C8193078E2005FE2FF /* InfoPlist.strings */; };
		96DEA8CC193078E2005FE2FF /* iOSProvisioningDemoTests.m in Sources */ = {isa = PBXBuildFile; fileRef = 96DEA8CB193078E2005FE2FF /* iOSProvisioningDemoTests.m */; };
/* End PBXBuildFile section */

/* Begin PBXContainerItemProxy section */
		96DEA8C3193078E2005FE2FF /* PBXContainerItemProxy */ = {
			isa = PBXContainerItemProxy;
			containerPortal = 96DEA895193078E2005FE2FF /* Project object */;
			proxyType = 1;
			remoteGlobalIDString = 96DEA89C193078E2005FE2FF;
			remoteInfo = iOSProvisioningDemo;
		};
/* End PBXContainerItemProxy section */

/* Begin PBXFileReference section */
		96DEA89D193078E2005FE2FF /* iOSProvisioningDemo.app */ = {isa = PBXFileReference; explicitFileType = wrapper.application; includeInIndex = 0; path = iOSProvisioningDemo.app; sourceTree = BUILT_PRODUCTS_DIR; };
		96DEA8A0193078E2005FE2FF /* Foundation.framework */ = {isa = PBXFileReference; lastKnownFileType = wrapper.framework; name = Foundation.framework; path = System/Library/Frameworks/Foundation.framework; sourceTree = SDKROOT; };
		96DEA8A2193078E2005FE2FF /* CoreGraphics.framework */ = {isa = PBXFileReference; lastKnownFileType = wrapper.framework; name = CoreGraphics.framework; path = System/Library/Frameworks/CoreGraphics.framework; sourceTree = SDKROOT; };
		96DEA8A4193078E2005FE2FF /* UIKit.framework */ = {isa = PBXFileReference; lastKnownFileType = wrapper.framework; name = UIKit.framework; path = System/Library/Frameworks/UIKit.framework; sourceTree = SDKROOT; };
		96DEA8A8193078E2005FE2FF /* iOSProvisioningDemo-Info.plist */ = {isa = PBXFileReference; lastKnownFileType = text.plist.xml; path = "iOSProvisioningDemo-Info.plist"; sourceTree = "<group>"; };
		96DEA8AA193078E2005FE2FF /* en */ = {isa = PBXFileReference; lastKnownFileType = text.plist.strings; name = en; path = en.lproj/InfoPlist.strings; sourceTree = "<group>"; };
		96DEA8AC193078E2005FE2FF /* main.m */ = {isa = PBXFileReference; lastKnownFileType = sourcecode.c.objc; path = main.m; sourceTree = "<group>"; };
		96DEA8AE193078E2005FE2FF /* iOSProvisioningDemo-Prefix.pch */ = {isa = PBXFileReference; lastKnownFileType = sourcecode.c.h; path = "iOSProvisioningDemo-Prefix.pch"; sourceTree = "<group>"; };
		96DEA8AF193078E2005FE2FF /* SITAppDelegate.h */ = {isa = PBXFileReference; lastKnownFileType = sourcecode.c.h; path = SITAppDelegate.h; sourceTree = "<group>"; };
		96DEA8B0193078E2005FE2FF /* SITAppDelegate.m */ = {isa = PBXFileReference; lastKnownFileType = sourcecode.c.objc; path = SITAppDelegate.m; sourceTree = "<group>"; };
		96DEA8B3193078E2005FE2FF /* Base */ = {isa = PBXFileReference; lastKnownFileType = file.storyboard; name = Base; path = Base.lproj/Main.storyboard; sourceTree = "<group>"; };
		96DEA8B5193078E2005FE2FF /* SITViewController.h */ = {isa = PBXFileReference; lastKnownFileType = sourcecode.c.h; path = SITViewController.h; sourceTree = "<group>"; };
		96DEA8B6193078E2005FE2FF /* SITViewController.m */ = {isa = PBXFileReference; lastKnownFileType = sourcecode.c.objc; path = SITViewController.m; sourceTree = "<group>"; };
		96DEA8B8193078E2005FE2FF /* Images.xcassets */ = {isa = PBXFileReference; lastKnownFileType = folder.assetcatalog; path = Images.xcassets; sourceTree = "<group>"; };
		96DEA8BE193078E2005FE2FF /* iOSProvisioningDemoTests.xctest */ = {isa = PBXFileReference; explicitFileType = wrapper.cfbundle; includeInIndex = 0; path = iOSProvisioningDemoTests.xctest; sourceTree = BUILT_PRODUCTS_DIR; };
		96DEA8BF193078E2005FE2FF /* XCTest.framework */ = {isa = PBXFileReference; lastKnownFileType = wrapper.framework; name = XCTest.framework; path = Library/Frameworks/XCTest.framework; sourceTree = DEVELOPER_DIR; };
		96DEA8C7193078E2005FE2FF /* iOSProvisioningDemoTests-Info.plist */ = {isa = PBXFileReference; lastKnownFileType = text.plist.xml; path = "iOSProvisioningDemoTests-Info.plist"; sourceTree = "<group>"; };
		96DEA8C9193078E2005FE2FF /* en */ = {isa = PBXFileReference; lastKnownFileType = text.plist.strings; name = en; path = en.lproj/InfoPlist.strings; sourceTree = "<group>"; };
		96DEA8CB193078E2005FE2FF /* iOSProvisioningDemoTests.m */ = {isa = PBXFileReference; lastKnownFileType = sourcecode.c.objc; path = iOSProvisioningDemoTests.m; sourceTree = "<group>"; };
/* End PBXFileReference section */

/* Begin PBXFrameworksBuildPhase section */
		96DEA89A193078E2005FE2FF /* Frameworks */ = {
			isa = PBXFrameworksBuildPhase;
			buildActionMask = 2147483647;
			files = (
				96DEA8A3193078E2005FE2FF /* CoreGraphics.framework in Frameworks */,
				96DEA8A5193078E2005FE2FF /* UIKit.framework in Frameworks */,
				96DEA8A1193078E2005FE2FF /* Foundation.framework in Frameworks */,
			);
			runOnlyForDeploymentPostprocessing = 0;
		};
		96DEA8BB193078E2005FE2FF /* Frameworks */ = {
			isa = PBXFrameworksBuildPhase;
			buildActionMask = 2147483647;
			files = (
				96DEA8C0193078E2005FE2FF /* XCTest.framework in Frameworks */,
				96DEA8C2193078E2005FE2FF /* UIKit.framework in Frameworks */,
				96DEA8C1193078E2005FE2FF /* Foundation.framework in Frameworks */,
			);
			runOnlyForDeploymentPostprocessing = 0;
		};
/* End PBXFrameworksBuildPhase section */

/* Begin PBXGroup section */
		96DEA894193078E2005FE2FF = {
			isa = PBXGroup;
			children = (
				96DEA8A6193078E2005FE2FF /* iOSProvisioningDemo */,
				96DEA8C5193078E2005FE2FF /* iOSProvisioningDemoTests */,
				96DEA89F193078E2005FE2FF /* Frameworks */,
				96DEA89E193078E2005FE2FF /* Products */,
			);
			sourceTree = "<group>";
		};
		96DEA89E193078E2005FE2FF /* Products */ = {
			isa = PBXGroup;
			children = (
				96DEA89D193078E2005FE2FF /* iOSProvisioningDemo.app */,
				96DEA8BE193078E2005FE2FF /* iOSProvisioningDemoTests.xctest */,
			);
			name = Products;
			sourceTree = "<group>";
		};
		96DEA89F193078E2005FE2FF /* Frameworks */ = {
			isa = PBXGroup;
			children = (
				96DEA8A0193078E2005FE2FF /* Foundation.framework */,
				96DEA8A2193078E2005FE2FF /* CoreGraphics.framework */,
				96DEA8A4193078E2005FE2FF /* UIKit.framework */,
				96DEA8BF193078E2005FE2FF /* XCTest.framework */,
			);
			name = Frameworks;
			sourceTree = "<group>";
		};
		96DEA8A6193078E2005FE2FF /* iOSProvisioningDemo */ = {
			isa = PBXGroup;
			children = (
				96DEA8AF193078E2005FE2FF /* SITAppDelegate.h */,
				96DEA8B0193078E2005FE2FF /* SITAppDelegate.m */,
				96DEA8B2193078E2005FE2FF /* Main.storyboard */,
				96DEA8B5193078E2005FE2FF /* SITViewController.h */,
				96DEA8B6193078E2005FE2FF /* SITViewController.m */,
				96DEA8B8193078E2005FE2FF /* Images.xcassets */,
				96DEA8A7193078E2005FE2FF /* Supporting Files */,
			);
			path = iOSProvisioningDemo;
			sourceTree = "<group>";
		};
		96DEA8A7193078E2005FE2FF /* Supporting Files */ = {
			isa = PBXGroup;
			children = (
				96DEA8A8193078E2005FE2FF /* iOSProvisioningDemo-Info.plist */,
				96DEA8A9193078E2005FE2FF /* InfoPlist.strings */,
				96DEA8AC193078E2005FE2FF /* main.m */,
				96DEA8AE193078E2005FE2FF /* iOSProvisioningDemo-Prefix.pch */,
			);
			name = "Supporting Files";
			sourceTree = "<group>";
		};
		96DEA8C5193078E2005FE2FF /* iOSProvisioningDemoTests */ = {
			isa = PBXGroup;
			children = (
				96DEA8CB193078E2005FE2FF /* iOSProvisioningDemoTests.m */,
				96DEA8C6193078E2005FE2FF /* Supporting Files */,
			);
			path = iOSProvisioningDemoTests;
			sourceTree = "<group>";
		};
		96DEA8C6193078E2005FE2FF /* Supporting Files */ = {
			isa = PBXGroup;
			children = (
				96DEA8C7193078E2005FE2FF /* iOSProvisioningDemoTests-Info.plist */,
				96DEA8C8193078E2005FE2FF /* InfoPlist.strings */,
			);
			name = "Supporting Files";
			sourceTree = "<group>";
		};
/* End PBXGroup section */

/* Begin PBXNativeTarget section */
		96DEA89C193078E2005FE2FF /* iOSProvisioningDemo */ = {
			isa = PBXNativeTarget;
			buildConfigurationList = 96DEA8CF193078E2005FE2FF /* Build configuration list for PBXNativeTarget "iOSProvisioningDemo" */;
			buildPhases = (
				96DEA899193078E2005FE2FF /* Sources */,
				96DEA89A193078E2005FE2FF /* Frameworks */,
				96DEA89B193078E2005FE2FF /* Resources */,
			);
			buildRules = (
			);
			dependencies = (
			);
			name = iOSProvisioningDemo;
			productName = iOSProvisioningDemo;
			productReference = 96DEA89D193078E2005FE2FF /* iOSProvisioningDemo.app */;
			productType = "com.apple.product-type.application";
		};
		96DEA8BD193078E2005FE2FF /* iOSProvisioningDemoTests */ = {
			isa = PBXNativeTarget;
			buildConfigurationList = 96DEA8D2193078E2005FE2FF /* Build configuration list for PBXNativeTarget "iOSProvisioningDemoTests" */;
			buildPhases = (
				96DEA8BA193078E2005FE2FF /* Sources */,
				96DEA8BB193078E2005FE2FF /* Frameworks */,
				96DEA8BC193078E2005FE2FF /* Resources */,
			);
			buildRules = (
			);
			dependencies = (
				96DEA8C4193078E2005FE2FF /* PBXTargetDependency */,
			);
			name = iOSProvisioningDemoTests;
			productName = iOSProvisioningDemoTests;
			productReference = 96DEA8BE193078E2005FE2FF /* iOSProvisioningDemoTests.xctest */;
			productType = "com.apple.product-type.bundle.unit-test";
		};
/* End PBXNativeTarget section */

/* Begin PBXProject section */
		96DEA895193078E2005FE2FF /* Project object */ = {
			isa = PBXProject;
			attributes = {
				CLASSPREFIX = SIT;
				LastUpgradeCheck = 0510;
				ORGANIZATIONNAME = "Serene IT";
				TargetAttributes = {
					96DEA8BD193078E2005FE2FF = {
						TestTargetID = 96DEA89C193078E2005FE2FF;
					};
				};
			};
			buildConfigurationList = 96DEA898193078E2005FE2FF /* Build configuration list for PBXProject "iOSProvisioningDemo" */;
			compatibilityVersion = "Xcode 3.2";
			developmentRegion = English;
			hasScannedForEncodings = 0;
			knownRegions = (
				en,
				Base,
			);
			mainGroup = 96DEA894193078E2005FE2FF;
			productRefGroup = 96DEA89E193078E2005FE2FF /* Products */;
			projectDirPath = "";
			projectRoot = "";
			targets = (
				96DEA89C193078E2005FE2FF /* iOSProvisioningDemo */,
				96DEA8BD193078E2005FE2FF /* iOSProvisioningDemoTests */,
			);
		};
/* End PBXProject section */

/* Begin PBXResourcesBuildPhase section */
		96DEA89B193078E2005FE2FF /* Resources */ = {
			isa = PBXResourcesBuildPhase;
			buildActionMask = 2147483647;
			files = (
				96DEA8B9193078E2005FE2FF /* Images.xcassets in Resources */,
				96DEA8AB193078E2005FE2FF /* InfoPlist.strings in Resources */,
				96DEA8B4193078E2005FE2FF /* Main.storyboard in Resources */,
			);
			runOnlyForDeploymentPostprocessing = 0;
		};
		96DEA8BC193078E2005FE2FF /* Resources */ = {
			isa = PBXResourcesBuildPhase;
			buildActionMask = 2147483647;
			files = (
				96DEA8CA193078E2005FE2FF /* InfoPlist.strings in Resources */,
			);
			runOnlyForDeploymentPostprocessing = 0;
		};
/* End PBXResourcesBuildPhase section */

/* Begin PBXSourcesBuildPhase section */
		96DEA899193078E2005FE2FF /* Sources */ = {
			isa = PBXSourcesBuildPhase;
			buildActionMask = 2147483647;
			files = (
				96DEA8AD193078E2005FE2FF /* main.m in Sources */,
				96DEA8B1193078E2005FE2FF /* SITAppDelegate.m in Sources */,
				96DEA8B7193078E2005FE2FF /* SITViewController.m in Sources */,
			);
			runOnlyForDeploymentPostprocessing = 0;
		};
		96DEA8BA193078E2005FE2FF /* Sources */ = {
			isa = PBXSourcesBuildPhase;
			buildActionMask = 2147483647;
			files = (
				96DEA8CC193078E2005FE2FF /* iOSProvisioningDemoTests.m in Sources */,
			);
			runOnlyForDeploymentPostprocessing = 0;
		};
/* End PBXSourcesBuildPhase section */

/* Begin PBXTargetDependency section */
		96DEA8C4193078E2005FE2FF /* PBXTargetDependency */ = {
			isa = PBXTargetDependency;
			target = 96DEA89C193078E2005FE2FF /* iOSProvisioningDemo */;
			targetProxy = 96DEA8C3193078E2005FE2FF /* PBXContainerItemProxy */;
		};
/* End PBXTargetDependency section */

/* Begin PBXVariantGroup section */
		96DEA8A9193078E2005FE2FF /* InfoPlist.strings */ = {
			isa = PBXVariantGroup;
			children = (
				96DEA8AA193078E2005FE2FF /* en */,
			);
			name = InfoPlist.strings;
			sourceTree = "<group>";
		};
		96DEA8B2193078E2005FE2FF /* Main.storyboard */ = {
			isa = PBXVariantGroup;
			children = (
				96DEA8B3193078E2005FE2FF /* Base */,
			);
			name = Main.storyboard;
			sourceTree = "<group>";
		};
		96DEA8C8193078E2005FE2FF /* InfoPlist.strings */ = {
			isa = PBXVariantGroup;
			children = (
				96DEA8C9193078E2005FE2FF /* en */,
			);
			name = InfoPlist.strings;
			sourceTree = "<group>";
		};
/* End PBXVariantGroup section */

/* Begin XCBuildConfiguration section */
		96DEA8CD193078E2005FE2FF /* Debug */ = {
			isa = XCBuildConfiguration;
			buildSettings = {
				ALWAYS_SEARCH_USER_PATHS = NO;
				CLANG_CXX_LANGUAGE_STANDARD = "gnu++0x";
				CLANG_CXX_LIBRARY = "libc++";
				CLANG_ENABLE_MODULES = YES;
				CLANG_ENABLE_OBJC_ARC = YES;
				CLANG_WARN_BOOL_CONVERSION = YES;
				CLANG_WARN_CONSTANT_CONVERSION = YES;
				CLANG_WARN_DIRECT_OBJC_ISA_USAGE = YES_ERROR;
				CLANG_WARN_EMPTY_BODY = YES;
				CLANG_WARN_ENUM_CONVERSION = YES;
				CLANG_WARN_INT_CONVERSION = YES;
				CLANG_WARN_OBJC_ROOT_CLASS = YES_ERROR;
				CLANG_WARN__DUPLICATE_METHOD_MATCH = YES;
				"CODE_SIGN_IDENTITY[sdk=iphoneos*]" = "iPhone Developer";
				COPY_PHASE_STRIP = NO;
				GCC_C_LANGUAGE_STANDARD = gnu99;
				GCC_DYNAMIC_NO_PIC = NO;
				GCC_OPTIMIZATION_LEVEL = 0;
				GCC_PREPROCESSOR_DEFINITIONS = (
					"DEBUG=1",
					"$(inherited)",
				);
				GCC_SYMBOLS_PRIVATE_EXTERN = NO;
				GCC_WARN_64_TO_32_BIT_CONVERSION = YES;
				GCC_WARN_ABOUT_RETURN_TYPE = YES_ERROR;
				GCC_WARN_UNDECLARED_SELECTOR = YES;
				GCC_WARN_UNINITIALIZED_AUTOS = YES_AGGRESSIVE;
				GCC_WARN_UNUSED_FUNCTION = YES;
				GCC_WARN_UNUSED_VARIABLE = YES;
				IPHONEOS_DEPLOYMENT_TARGET = 7.1;
				ONLY_ACTIVE_ARCH = YES;
				SDKROOT = iphoneos;
			};
			name = Debug;
		};
		96DEA8CE193078E2005FE2FF /* Release */ = {
			isa = XCBuildConfiguration;
			buildSettings = {
				ALWAYS_SEARCH_USER_PATHS = NO;
				CLANG_CXX_LANGUAGE_STANDARD = "gnu++0x";
				CLANG_CXX_LIBRARY = "libc++";
				CLANG_ENABLE_MODULES = YES;
				CLANG_ENABLE_OBJC_ARC = YES;
				CLANG_WARN_BOOL_CONVERSION = YES;
				CLANG_WARN_CONSTANT_CONVERSION = YES;
				CLANG_WARN_DIRECT_OBJC_ISA_USAGE = YES_ERROR;
				CLANG_WARN_EMPTY_BODY = YES;
				CLANG_WARN_ENUM_CONVERSION = YES;
				CLANG_WARN_INT_CONVERSION = YES;
				CLANG_WARN_OBJC_ROOT_CLASS = YES_ERROR;
				CLANG_WARN__DUPLICATE_METHOD_MATCH = YES;
				"CODE_SIGN_IDENTITY[sdk=iphoneos*]" = "iPhone Developer";
				COPY_PHASE_STRIP = YES;
				ENABLE_NS_ASSERTIONS = NO;
				GCC_C_LANGUAGE_STANDARD = gnu99;
				GCC_WARN_64_TO_32_BIT_CONVERSION = YES;
				GCC_WARN_ABOUT_RETURN_TYPE = YES_ERROR;
				GCC_WARN_UNDECLARED_SELECTOR = YES;
				GCC_WARN_UNINITIALIZED_AUTOS = YES_AGGRESSIVE;
				GCC_WARN_UNUSED_FUNCTION = YES;
				GCC_WARN_UNUSED_VARIABLE = YES;
				IPHONEOS_DEPLOYMENT_TARGET = 7.1;
				SDKROOT = iphoneos;
				VALIDATE_PRODUCT = YES;
			};
			name = Release;
		};
		96DEA8D0193078E2005FE2FF /* Debug */ = {
			isa = XCBuildConfiguration;
			buildSettings = {
				ASSETCATALOG_COMPILER_APPICON_NAME = AppIcon;
				ASSETCATALOG_COMPILER_LAUNCHIMAGE_NAME = LaunchImage;
				GCC_PRECOMPILE_PREFIX_HEADER = YES;
				GCC_PREFIX_HEADER = "iOSProvisioningDemo/iOSProvisioningDemo-Prefix.pch";
				INFOPLIST_FILE = "iOSProvisioningDemo/iOSProvisioningDemo-Info.plist";
				PRODUCT_NAME = "$(TARGET_NAME)";
				WRAPPER_EXTENSION = app;
			};
			name = Debug;
		};
		96DEA8D1193078E2005FE2FF /* Release */ = {
			isa = XCBuildConfiguration;
			buildSettings = {
				ASSETCATALOG_COMPILER_APPICON_NAME = AppIcon;
				ASSETCATALOG_COMPILER_LAUNCHIMAGE_NAME = LaunchImage;
				GCC_PRECOMPILE_PREFIX_HEADER = YES;
				GCC_PREFIX_HEADER = "iOSProvisioningDemo/iOSProvisioningDemo-Prefix.pch";
				INFOPLIST_FILE = "iOSProvisioningDemo/iOSProvisioningDemo-Info.plist";
				PRODUCT_NAME = "$(TARGET_NAME)";
				WRAPPER_EXTENSION = app;
			};
			name = Release;
		};
		96DEA8D3193078E2005FE2FF /* Debug */ = {
			isa = XCBuildConfiguration;
			buildSettings = {
				BUNDLE_LOADER = "$(BUILT_PRODUCTS_DIR)/iOSProvisioningDemo.app/iOSProvisioningDemo";
				FRAMEWORK_SEARCH_PATHS = (
					"$(SDKROOT)/Developer/Library/Frameworks",
					"$(inherited)",
					"$(DEVELOPER_FRAMEWORKS_DIR)",
				);
				GCC_PRECOMPILE_PREFIX_HEADER = YES;
				GCC_PREFIX_HEADER = "iOSProvisioningDemo/iOSProvisioningDemo-Prefix.pch";
				GCC_PREPROCESSOR_DEFINITIONS = (
					"DEBUG=1",
					"$(inherited)",
				);
				INFOPLIST_FILE = "iOSProvisioningDemoTests/iOSProvisioningDemoTests-Info.plist";
				PRODUCT_NAME = "$(TARGET_NAME)";
				TEST_HOST = "$(BUNDLE_LOADER)";
				WRAPPER_EXTENSION = xctest;
			};
			name = Debug;
		};
		96DEA8D4193078E2005FE2FF /* Release */ = {
			isa = XCBuildConfiguration;
			buildSettings = {
				BUNDLE_LOADER = "$(BUILT_PRODUCTS_DIR)/iOSProvisioningDemo.app/iOSProvisioningDemo";
				FRAMEWORK_SEARCH_PATHS = (
					"$(SDKROOT)/Developer/Library/Frameworks",
					"$(inherited)",
					"$(DEVELOPER_FRAMEWORKS_DIR)",
				);
				GCC_PRECOMPILE_PREFIX_HEADER = YES;
				GCC_PREFIX_HEADER = "iOSProvisioningDemo/iOSProvisioningDemo-Prefix.pch";
				INFOPLIST_FILE = "iOSProvisioningDemoTests/iOSProvisioningDemoTests-Info.plist";
				PRODUCT_NAME = "$(TARGET_NAME)";
				TEST_HOST = "$(BUNDLE_LOADER)";
				WRAPPER_EXTENSION = xctest;
			};
			name = Release;
		};
/* End XCBuildConfiguration section */

/* Begin XCConfigurationList section */
		96DEA898193078E2005FE2FF /* Build configuration list for PBXProject "iOSProvisioningDemo" */ = {
			isa = XCConfigurationList;
			buildConfigurations = (
				96DEA8CD193078E2005FE2FF /* Debug */,
				96DEA8CE193078E2005FE2FF /* Release */,
			);
			defaultConfigurationIsVisible = 0;
			defaultConfigurationName = Release;
		};
		96DEA8CF193078E2005FE2FF /* Build configuration list for PBXNativeTarget "iOSProvisioningDemo" */ = {
			isa = XCConfigurationList;
			buildConfigurations = (
				96DEA8D0193078E2005FE2FF /* Debug */,
				96DEA8D1193078E2005FE2FF /* Release */,
			);
			defaultConfigurationIsVisible = 0;
		};
		96DEA8D2193078E2005FE2FF /* Build configuration list for PBXNativeTarget "iOSProvisioningDemoTests" */ = {
			isa = XCConfigurationList;
			buildConfigurations = (
				96DEA8D3193078E2005FE2FF /* Debug */,
				96DEA8D4193078E2005FE2FF /* Release */,
			);
			defaultConfigurationIsVisible = 0;
		};
/* End XCConfigurationList section */
	};
	rootObject = 96DEA895193078E2005FE2FF /* Project object */;
}
